
Microsoft Visual Studio Solution File, Format Version 12.00
# Visual Studio Version 16
VisualStudioVersion = 16.0.33529.622
MinimumVisualStudioVersion = 10.0.40219.1
Project("{FAE04EC0-301F-11D3-BF4B-00C04F79EFBC}") = "QuestItemsRedux", "QuestItemsRedux\QuestItemsRedux.csproj", "{4EE16337-6857-4905-ABA6-6BACD6A7259B}"
EndProject
Global
	GlobalSection(SolutionConfigurationPlatforms) = preSolution
		Debug|Any CPU = Debug|Any CPU
		Release|Any CPU = Release|Any CPU
	EndGlobalSection
	GlobalSection(ProjectConfigurationPlatforms) = postSolution
		{4EE16337-6857-4905-ABA6-6BACD6A7259B}.Debug|Any CPU.ActiveCfg = Debug|Any CPU
		{4EE16337-6857-4905-ABA6-6BACD6A7259B}.Debug|Any CPU.Build.0 = Debug|Any CPU
		{4EE16337-6857-4905-ABA6-6BACD6A7259B}.Release|Any CPU.ActiveCfg = Release|Any CPU
		{4EE16337-6857-4905-ABA6-6BACD6A7259B}.Release|Any CPU.Build.0 = Release|Any CPU
	EndGlobalSection
	GlobalSection(SolutionProperties) = preSolution
		HideSolutionNode = FALSE
	EndGlobalSection
	GlobalSection(ExtensibilityGlobals) = postSolution
		SolutionGuid = {84B7014D-6B10-49DF-8017-DD04DF6E3BB9}
	EndGlobalSection
EndGlobal
